
Microsoft Visual Studio Solution File, Format Version 12.00
# Visual Studio Version 16
VisualStudioVersion = 16.0.30011.22
MinimumVisualStudioVersion = 10.0.40219.1
Project("{FAE04EC0-301F-11D3-BF4B-00C04F79EFBC}") = "SecretSanta", "SecretSanta\SecretSanta.csproj", "{3410A789-8B63-40DB-A75E-CF0EF7C5DA3A}"
EndProject
Project("{FAE04EC0-301F-11D3-BF4B-00C04F79EFBC}") = "SecretSantaUnitTesting", "SecretSantaUnitTesting\SecretSantaUnitTesting.csproj", "{7E61AB80-480C-4E11-9876-44FE8A5C201C}"
EndProject
Global
	GlobalSection(SolutionConfigurationPlatforms) = preSolution
		Debug|Any CPU = Debug|Any CPU
		Release|Any CPU = Release|Any CPU
	EndGlobalSection
	GlobalSection(ProjectConfigurationPlatforms) = postSolution
		{3410A789-8B63-40DB-A75E-CF0EF7C5DA3A}.Debug|Any CPU.ActiveCfg = Debug|Any CPU
		{3410A789-8B63-40DB-A75E-CF0EF7C5DA3A}.Debug|Any CPU.Build.0 = Debug|Any CPU
		{3410A789-8B63-40DB-A75E-CF0EF7C5DA3A}.Release|Any CPU.ActiveCfg = Release|Any CPU
		{3410A789-8B63-40DB-A75E-CF0EF7C5DA3A}.Release|Any CPU.Build.0 = Release|Any CPU
		{7E61AB80-480C-4E11-9876-44FE8A5C201C}.Debug|Any CPU.ActiveCfg = Debug|Any CPU
		{7E61AB80-480C-4E11-9876-44FE8A5C201C}.Debug|Any CPU.Build.0 = Debug|Any CPU
		{7E61AB80-480C-4E11-9876-44FE8A5C201C}.Release|Any CPU.ActiveCfg = Release|Any CPU
		{7E61AB80-480C-4E11-9876-44FE8A5C201C}.Release|Any CPU.Build.0 = Release|Any CPU
	EndGlobalSection
	GlobalSection(SolutionProperties) = preSolution
		HideSolutionNode = FALSE
	EndGlobalSection
	GlobalSection(ExtensibilityGlobals) = postSolution
		SolutionGuid = {054D1471-9BB2-4E96-BA46-12C361F39D47}
	EndGlobalSection
EndGlobal
